
Microsoft Visual Studio Solution File, Format Version 12.00
# Visual Studio Version 17
VisualStudioVersion = 17.0.32014.148
MinimumVisualStudioVersion = 10.0.40219.1
Project("{FAE04EC0-301F-11D3-BF4B-00C04F79EFBC}") = "TryCoreTestDeveloper", "TryCoreTestDeveloper\TryCoreTestDeveloper.csproj", "{776D20C1-9E94-4A7A-A511-CA46A5C0808B}"
EndProject
Project("{FAE04EC0-301F-11D3-BF4B-00C04F79EFBC}") = "TryCoreTestDeveloper.Common", "TryCoreTestDeveloper.Common\TryCoreTestDeveloper.Common.csproj", "{C27ED3E7-43D8-444F-8201-D4DA444ACDA7}"
EndProject
Project("{FAE04EC0-301F-11D3-BF4B-00C04F79EFBC}") = "TryCoreTestDeveloper.DataAccess", "TryCoreTestDeveloper.DataAccess\TryCoreTestDeveloper.DataAccess.csproj", "{10566F5B-630E-47D6-827D-121C507A478A}"
EndProject
Project("{FAE04EC0-301F-11D3-BF4B-00C04F79EFBC}") = "TryCoreTestDeveloper.Services", "TryCoreTestDeveloper.Services\TryCoreTestDeveloper.Services.csproj", "{4E84A1CA-8315-485A-87DD-AB3AB90A913E}"
EndProject
Global
	GlobalSection(SolutionConfigurationPlatforms) = preSolution
		Debug|Any CPU = Debug|Any CPU
		Release|Any CPU = Release|Any CPU
	EndGlobalSection
	GlobalSection(ProjectConfigurationPlatforms) = postSolution
		{776D20C1-9E94-4A7A-A511-CA46A5C0808B}.Debug|Any CPU.ActiveCfg = Debug|Any CPU
		{776D20C1-9E94-4A7A-A511-CA46A5C0808B}.Debug|Any CPU.Build.0 = Debug|Any CPU
		{776D20C1-9E94-4A7A-A511-CA46A5C0808B}.Release|Any CPU.ActiveCfg = Release|Any CPU
		{776D20C1-9E94-4A7A-A511-CA46A5C0808B}.Release|Any CPU.Build.0 = Release|Any CPU
		{C27ED3E7-43D8-444F-8201-D4DA444ACDA7}.Debug|Any CPU.ActiveCfg = Debug|Any CPU
		{C27ED3E7-43D8-444F-8201-D4DA444ACDA7}.Debug|Any CPU.Build.0 = Debug|Any CPU
		{C27ED3E7-43D8-444F-8201-D4DA444ACDA7}.Release|Any CPU.ActiveCfg = Release|Any CPU
		{C27ED3E7-43D8-444F-8201-D4DA444ACDA7}.Release|Any CPU.Build.0 = Release|Any CPU
		{10566F5B-630E-47D6-827D-121C507A478A}.Debug|Any CPU.ActiveCfg = Debug|Any CPU
		{10566F5B-630E-47D6-827D-121C507A478A}.Debug|Any CPU.Build.0 = Debug|Any CPU
		{10566F5B-630E-47D6-827D-121C507A478A}.Release|Any CPU.ActiveCfg = Release|Any CPU
		{10566F5B-630E-47D6-827D-121C507A478A}.Release|Any CPU.Build.0 = Release|Any CPU
		{4E84A1CA-8315-485A-87DD-AB3AB90A913E}.Debug|Any CPU.ActiveCfg = Debug|Any CPU
		{4E84A1CA-8315-485A-87DD-AB3AB90A913E}.Debug|Any CPU.Build.0 = Debug|Any CPU
		{4E84A1CA-8315-485A-87DD-AB3AB90A913E}.Release|Any CPU.ActiveCfg = Release|Any CPU
		{4E84A1CA-8315-485A-87DD-AB3AB90A913E}.Release|Any CPU.Build.0 = Release|Any CPU
	EndGlobalSection
	GlobalSection(SolutionProperties) = preSolution
		HideSolutionNode = FALSE
	EndGlobalSection
	GlobalSection(ExtensibilityGlobals) = postSolution
		SolutionGuid = {934513CC-BC57-43E7-A086-9A97A2CEA879}
	EndGlobalSection
EndGlobal
